
Microsoft Visual Studio Solution File, Format Version 12.00
# Visual Studio Version 17
VisualStudioVersion = 17.10.35122.118
MinimumVisualStudioVersion = 10.0.40219.1
Project("{FAE04EC0-301F-11D3-BF4B-00C04F79EFBC}") = "CP3.API", "CP3.API\CP3.API.csproj", "{F1D0A134-0815-463C-8A01-3FA97D5ACC17}"
EndProject
Project("{2150E333-8FDC-42A3-9474-1A3956D46DE8}") = "0 - Presentation", "0 - Presentation", "{CFB93657-20CD-4FE8-A9CF-9E379FCCBF60}"
EndProject
Project("{2150E333-8FDC-42A3-9474-1A3956D46DE8}") = "1 - Application", "1 - Application", "{E8EAE688-4C66-4D80-8B21-7EF79B3062BB}"
EndProject
Project("{2150E333-8FDC-42A3-9474-1A3956D46DE8}") = "2 - Domain", "2 - Domain", "{740B9479-4D39-4795-95F7-AEE62B497EE5}"
EndProject
Project("{2150E333-8FDC-42A3-9474-1A3956D46DE8}") = "3 - Infrastructure", "3 - Infrastructure", "{58A840A3-9D22-4C9D-80AE-8BE7CBC91AB1}"
EndProject
Project("{2150E333-8FDC-42A3-9474-1A3956D46DE8}") = "4 - Tests", "4 - Tests", "{BADE22D8-B0B7-4B0C-B335-8FD9C9267820}"
EndProject
Project("{FAE04EC0-301F-11D3-BF4B-00C04F79EFBC}") = "CP3.Application", "CP3.Application\CP3.Application.csproj", "{8D785F16-03FC-4B3D-8614-39A964B280F7}"
EndProject
Project("{FAE04EC0-301F-11D3-BF4B-00C04F79EFBC}") = "CP3.Domain", "CP3.Domain\CP3.Domain.csproj", "{9BFA40FC-22E9-44D9-893F-C16B3F30090B}"
EndProject
Project("{FAE04EC0-301F-11D3-BF4B-00C04F79EFBC}") = "CP3.Data", "CP3.Data\CP3.Data.csproj", "{2E70E2A7-ED73-4EE8-8879-96A2A380ED92}"
EndProject
Project("{FAE04EC0-301F-11D3-BF4B-00C04F79EFBC}") = "CP3.IoC", "CP3.IoC\CP3.IoC.csproj", "{A9277724-EA5B-4153-9600-27AB75A3AAF0}"
EndProject
Project("{FAE04EC0-301F-11D3-BF4B-00C04F79EFBC}") = "CP3.Tests", "CP3.Tests\CP3.Tests.csproj", "{646C2A0E-0CF9-433A-8BCB-37A6380FAE41}"
EndProject
Global
	GlobalSection(SolutionConfigurationPlatforms) = preSolution
		Debug|Any CPU = Debug|Any CPU
		Release|Any CPU = Release|Any CPU
	EndGlobalSection
	GlobalSection(ProjectConfigurationPlatforms) = postSolution
		{F1D0A134-0815-463C-8A01-3FA97D5ACC17}.Debug|Any CPU.ActiveCfg = Debug|Any CPU
		{F1D0A134-0815-463C-8A01-3FA97D5ACC17}.Debug|Any CPU.Build.0 = Debug|Any CPU
		{F1D0A134-0815-463C-8A01-3FA97D5ACC17}.Release|Any CPU.ActiveCfg = Release|Any CPU
		{F1D0A134-0815-463C-8A01-3FA97D5ACC17}.Release|Any CPU.Build.0 = Release|Any CPU
		{8D785F16-03FC-4B3D-8614-39A964B280F7}.Debug|Any CPU.ActiveCfg = Debug|Any CPU
		{8D785F16-03FC-4B3D-8614-39A964B280F7}.Debug|Any CPU.Build.0 = Debug|Any CPU
		{8D785F16-03FC-4B3D-8614-39A964B280F7}.Release|Any CPU.ActiveCfg = Release|Any CPU
		{8D785F16-03FC-4B3D-8614-39A964B280F7}.Release|Any CPU.Build.0 = Release|Any CPU
		{9BFA40FC-22E9-44D9-893F-C16B3F30090B}.Debug|Any CPU.ActiveCfg = Debug|Any CPU
		{9BFA40FC-22E9-44D9-893F-C16B3F30090B}.Debug|Any CPU.Build.0 = Debug|Any CPU
		{9BFA40FC-22E9-44D9-893F-C16B3F30090B}.Release|Any CPU.ActiveCfg = Release|Any CPU
		{9BFA40FC-22E9-44D9-893F-C16B3F30090B}.Release|Any CPU.Build.0 = Release|Any CPU
		{2E70E2A7-ED73-4EE8-8879-96A2A380ED92}.Debug|Any CPU.ActiveCfg = Debug|Any CPU
		{2E70E2A7-ED73-4EE8-8879-96A2A380ED92}.Debug|Any CPU.Build.0 = Debug|Any CPU
		{2E70E2A7-ED73-4EE8-8879-96A2A380ED92}.Release|Any CPU.ActiveCfg = Release|Any CPU
		{2E70E2A7-ED73-4EE8-8879-96A2A380ED92}.Release|Any CPU.Build.0 = Release|Any CPU
		{A9277724-EA5B-4153-9600-27AB75A3AAF0}.Debug|Any CPU.ActiveCfg = Debug|Any CPU
		{A9277724-EA5B-4153-9600-27AB75A3AAF0}.Debug|Any CPU.Build.0 = Debug|Any CPU
		{A9277724-EA5B-4153-9600-27AB75A3AAF0}.Release|Any CPU.ActiveCfg = Release|Any CPU
		{A9277724-EA5B-4153-9600-27AB75A3AAF0}.Release|Any CPU.Build.0 = Release|Any CPU
		{646C2A0E-0CF9-433A-8BCB-37A6380FAE41}.Debug|Any CPU.ActiveCfg = Debug|Any CPU
		{646C2A0E-0CF9-433A-8BCB-37A6380FAE41}.Debug|Any CPU.Build.0 = Debug|Any CPU
		{646C2A0E-0CF9-433A-8BCB-37A6380FAE41}.Release|Any CPU.ActiveCfg = Release|Any CPU
		{646C2A0E-0CF9-433A-8BCB-37A6380FAE41}.Release|Any CPU.Build.0 = Release|Any CPU
	EndGlobalSection
	GlobalSection(SolutionProperties) = preSolution
		HideSolutionNode = FALSE
	EndGlobalSection
	GlobalSection(NestedProjects) = preSolution
		{F1D0A134-0815-463C-8A01-3FA97D5ACC17} = {CFB93657-20CD-4FE8-A9CF-9E379FCCBF60}
		{8D785F16-03FC-4B3D-8614-39A964B280F7} = {E8EAE688-4C66-4D80-8B21-7EF79B3062BB}
		{9BFA40FC-22E9-44D9-893F-C16B3F30090B} = {740B9479-4D39-4795-95F7-AEE62B497EE5}
		{2E70E2A7-ED73-4EE8-8879-96A2A380ED92} = {58A840A3-9D22-4C9D-80AE-8BE7CBC91AB1}
		{A9277724-EA5B-4153-9600-27AB75A3AAF0} = {58A840A3-9D22-4C9D-80AE-8BE7CBC91AB1}
		{646C2A0E-0CF9-433A-8BCB-37A6380FAE41} = {BADE22D8-B0B7-4B0C-B335-8FD9C9267820}
	EndGlobalSection
	GlobalSection(ExtensibilityGlobals) = postSolution
		SolutionGuid = {F9EEDBE6-5253-45F1-9A9D-C13473D6D738}
	EndGlobalSection
EndGlobal
